Microsoft Visual Studio Solution File, Format Version 12.00
# Visual Studio Version 17
VisualStudioVersion = 17.5.2.0
MinimumVisualStudioVersion = 10.0.40219.1
Project("{2150E333-8FDC-42A3-9474-1A3956D46DE8}") = "AC", "AC", "{093F2DC5-8956-DD36-1DBE-55ABA6339293}"
EndProject
Project("{2150E333-8FDC-42A3-9474-1A3956D46DE8}") = "DC", "DC", "{3561E1E2-EED7-ADB1-06ED-D736262C1E15}"
EndProject
Project("{FAE04EC0-301F-11D3-BF4B-00C04F79EFBC}") = "StpBuilder", "StpBuilder\StpBuilder.csproj", "{B0CDB6CB-81CD-7887-01D8-FC89430C2437}"
EndProject
Project("{2150E333-8FDC-42A3-9474-1A3956D46DE8}") = "SVS", "SVS", "{7A809970-4E1D-5CF8-5214-E26B1BF08A39}"
EndProject
Project("{FAE04EC0-301F-11D3-BF4B-00C04F79EFBC}") = "AC_SardineTail", "AC\AC_SardineTail.csproj", "{5E08E6C3-26F4-24FF-6A4E-0ACD2CF44D2A}"
EndProject
Project("{FAE04EC0-301F-11D3-BF4B-00C04F79EFBC}") = "DC_SardineTail", "DC\DC_SardineTail.csproj", "{B2EC74E9-C201-587C-7530-22BF71917B90}"
EndProject
Project("{FAE04EC0-301F-11D3-BF4B-00C04F79EFBC}") = "SVS_SardineTail", "SVS\SVS_SardineTail.csproj", "{E52CE1EF-AF21-AAC0-3490-180C287C5B26}"
EndProject
Global
	GlobalSection(SolutionConfigurationPlatforms) = preSolution
		Debug|Any CPU = Debug|Any CPU
		Release|Any CPU = Release|Any CPU
	EndGlobalSection
	GlobalSection(ProjectConfigurationPlatforms) = postSolution
		{B0CDB6CB-81CD-7887-01D8-FC89430C2437}.Debug|Any CPU.ActiveCfg = Debug|Any CPU
		{B0CDB6CB-81CD-7887-01D8-FC89430C2437}.Debug|Any CPU.Build.0 = Debug|Any CPU
		{B0CDB6CB-81CD-7887-01D8-FC89430C2437}.Release|Any CPU.ActiveCfg = Release|Any CPU
		{B0CDB6CB-81CD-7887-01D8-FC89430C2437}.Release|Any CPU.Build.0 = Release|Any CPU
		{5E08E6C3-26F4-24FF-6A4E-0ACD2CF44D2A}.Debug|Any CPU.ActiveCfg = Debug|Any CPU
		{5E08E6C3-26F4-24FF-6A4E-0ACD2CF44D2A}.Debug|Any CPU.Build.0 = Debug|Any CPU
		{5E08E6C3-26F4-24FF-6A4E-0ACD2CF44D2A}.Release|Any CPU.ActiveCfg = Release|Any CPU
		{5E08E6C3-26F4-24FF-6A4E-0ACD2CF44D2A}.Release|Any CPU.Build.0 = Release|Any CPU
		{B2EC74E9-C201-587C-7530-22BF71917B90}.Debug|Any CPU.ActiveCfg = Debug|Any CPU
		{B2EC74E9-C201-587C-7530-22BF71917B90}.Debug|Any CPU.Build.0 = Debug|Any CPU
		{B2EC74E9-C201-587C-7530-22BF71917B90}.Release|Any CPU.ActiveCfg = Release|Any CPU
		{B2EC74E9-C201-587C-7530-22BF71917B90}.Release|Any CPU.Build.0 = Release|Any CPU
		{E52CE1EF-AF21-AAC0-3490-180C287C5B26}.Debug|Any CPU.ActiveCfg = Debug|Any CPU
		{E52CE1EF-AF21-AAC0-3490-180C287C5B26}.Debug|Any CPU.Build.0 = Debug|Any CPU
		{E52CE1EF-AF21-AAC0-3490-180C287C5B26}.Release|Any CPU.ActiveCfg = Release|Any CPU
		{E52CE1EF-AF21-AAC0-3490-180C287C5B26}.Release|Any CPU.Build.0 = Release|Any CPU
	EndGlobalSection
	GlobalSection(SolutionProperties) = preSolution
		HideSolutionNode = FALSE
	EndGlobalSection
	GlobalSection(NestedProjects) = preSolution
		{5E08E6C3-26F4-24FF-6A4E-0ACD2CF44D2A} = {093F2DC5-8956-DD36-1DBE-55ABA6339293}
		{B2EC74E9-C201-587C-7530-22BF71917B90} = {3561E1E2-EED7-ADB1-06ED-D736262C1E15}
		{E52CE1EF-AF21-AAC0-3490-180C287C5B26} = {7A809970-4E1D-5CF8-5214-E26B1BF08A39}
	EndGlobalSection
	GlobalSection(ExtensibilityGlobals) = postSolution
		SolutionGuid = {8E5BA614-A9BE-4DCB-BE88-CE8ABE09C06E}
	EndGlobalSection
EndGlobal
