
Microsoft Visual Studio Solution File, Format Version 12.00
# Visual Studio Version 17
VisualStudioVersion = 17.12.35707.178 d17.12
MinimumVisualStudioVersion = 10.0.40219.1
Project("{FAE04EC0-301F-11D3-BF4B-00C04F79EFBC}") = "SVS_SardineTail", "SVS\SVS_SardineTail.csproj", "{4F10426D-A0B5-4049-80A6-1D9BFA09224E}"
EndProject
Project("{FAE04EC0-301F-11D3-BF4B-00C04F79EFBC}") = "DC_SardineTail", "DC\DC_SardineTail.csproj", "{34BB6F4A-8381-4DA4-BCA1-D8CA2DC141AE}"
EndProject
Global
	GlobalSection(SolutionConfigurationPlatforms) = preSolution
		Debug|Any CPU = Debug|Any CPU
		Release|Any CPU = Release|Any CPU
	EndGlobalSection
	GlobalSection(ProjectConfigurationPlatforms) = postSolution
		{4F10426D-A0B5-4049-80A6-1D9BFA09224E}.Debug|Any CPU.ActiveCfg = Debug|Any CPU
		{4F10426D-A0B5-4049-80A6-1D9BFA09224E}.Debug|Any CPU.Build.0 = Debug|Any CPU
		{4F10426D-A0B5-4049-80A6-1D9BFA09224E}.Release|Any CPU.ActiveCfg = Release|Any CPU
		{4F10426D-A0B5-4049-80A6-1D9BFA09224E}.Release|Any CPU.Build.0 = Release|Any CPU
		{34BB6F4A-8381-4DA4-BCA1-D8CA2DC141AE}.Debug|Any CPU.ActiveCfg = Debug|Any CPU
		{34BB6F4A-8381-4DA4-BCA1-D8CA2DC141AE}.Debug|Any CPU.Build.0 = Debug|Any CPU
		{34BB6F4A-8381-4DA4-BCA1-D8CA2DC141AE}.Release|Any CPU.ActiveCfg = Release|Any CPU
		{34BB6F4A-8381-4DA4-BCA1-D8CA2DC141AE}.Release|Any CPU.Build.0 = Release|Any CPU
	EndGlobalSection
	GlobalSection(SolutionProperties) = preSolution
		HideSolutionNode = FALSE
	EndGlobalSection
EndGlobal
